
Microsoft Visual Studio Solution File, Format Version 12.00
# Visual Studio Version 16
VisualStudioVersion = 16.0.32428.217
MinimumVisualStudioVersion = 10.0.40219.1
Project("{FAE04EC0-301F-11D3-BF4B-00C04F79EFBC}") = "UserMaintenance", "WindowsFormsApp1\UserMaintenance.csproj", "{B208981E-48A4-48DC-B1C3-F5916E35D3C8}"
EndProject
Global
	GlobalSection(SolutionConfigurationPlatforms) = preSolution
		Debug|Any CPU = Debug|Any CPU
		Release|Any CPU = Release|Any CPU
	EndGlobalSection
	GlobalSection(ProjectConfigurationPlatforms) = postSolution
		{B208981E-48A4-48DC-B1C3-F5916E35D3C8}.Debug|Any CPU.ActiveCfg = Debug|Any CPU
		{B208981E-48A4-48DC-B1C3-F5916E35D3C8}.Debug|Any CPU.Build.0 = Debug|Any CPU
		{B208981E-48A4-48DC-B1C3-F5916E35D3C8}.Release|Any CPU.ActiveCfg = Release|Any CPU
		{B208981E-48A4-48DC-B1C3-F5916E35D3C8}.Release|Any CPU.Build.0 = Release|Any CPU
	EndGlobalSection
	GlobalSection(SolutionProperties) = preSolution
		HideSolutionNode = FALSE
	EndGlobalSection
	GlobalSection(ExtensibilityGlobals) = postSolution
		SolutionGuid = {7EF93AB0-F91D-451E-9C1B-ABB2E2BBBB4D}
	EndGlobalSection
EndGlobal
